// !$*UTF8*$!
{
	archiveVersion = 1;
	classes = {
	};
	objectVersion = 46;
	objects = {

/* Begin PBXBuildFile section */
		561E00681E09770B00E55313 /* CreateIdeaViewController.swift in Sources */ = {isa = PBXBuildFile; fileRef = 561E00671E09770B00E55313 /* CreateIdeaViewController.swift */; };
		564AFB691E0A6C75001FB9D4 /* IdeaDataSheetView.swift in Sources */ = {isa = PBXBuildFile; fileRef = 564AFB681E0A6C75001FB9D4 /* IdeaDataSheetView.swift */; };
		567FA3CE1E05628E00E4A293 /* AppDelegate.swift in Sources */ = {isa = PBXBuildFile; fileRef = 567FA3CD1E05628E00E4A293 /* AppDelegate.swift */; };
		567FA3D31E05628E00E4A293 /* Main.storyboard in Resources */ = {isa = PBXBuildFile; fileRef = 567FA3D11E05628E00E4A293 /* Main.storyboard */; };
		567FA3D61E05628E00E4A293 /* CatchIdea.xcdatamodeld in Sources */ = {isa = PBXBuildFile; fileRef = 567FA3D41E05628E00E4A293 /* CatchIdea.xcdatamodeld */; };
		567FA3D81E05628E00E4A293 /* Assets.xcassets in Resources */ = {isa = PBXBuildFile; fileRef = 567FA3D71E05628E00E4A293 /* Assets.xcassets */; };
		567FA3DB1E05628E00E4A293 /* LaunchScreen.storyboard in Resources */ = {isa = PBXBuildFile; fileRef = 567FA3D91E05628E00E4A293 /* LaunchScreen.storyboard */; };
		567FA3E41E056CFA00E4A293 /* MainViewController.swift in Sources */ = {isa = PBXBuildFile; fileRef = 567FA3E31E056CFA00E4A293 /* MainViewController.swift */; };
		567FA3E71E056DB100E4A293 /* IdeaListTableViewCell.swift in Sources */ = {isa = PBXBuildFile; fileRef = 567FA3E61E056DB100E4A293 /* IdeaListTableViewCell.swift */; };
		567FA3EA1E05736900E4A293 /* DataManager.swift in Sources */ = {isa = PBXBuildFile; fileRef = 567FA3E91E05736900E4A293 /* DataManager.swift */; };
		567FA3EC1E05744F00E4A293 /* IdeaData.swift in Sources */ = {isa = PBXBuildFile; fileRef = 567FA3EB1E05744F00E4A293 /* IdeaData.swift */; };
		56A1DD4C1E0D0DAB0047DA5C /* RevealPresentAnimationController.swift in Sources */ = {isa = PBXBuildFile; fileRef = 56A1DD4B1E0D0DAB0047DA5C /* RevealPresentAnimationController.swift */; };
		56A1DD4E1E0D0E160047DA5C /* RevealDismissAnimationController.swift in Sources */ = {isa = PBXBuildFile; fileRef = 56A1DD4D1E0D0E160047DA5C /* RevealDismissAnimationController.swift */; };
		56BAF73C1E0BF57F00218103 /* LocalNotificationManager.swift in Sources */ = {isa = PBXBuildFile; fileRef = 56BAF73B1E0BF57F00218103 /* LocalNotificationManager.swift */; };
		56BAF7451E0C16A600218103 /* NotificationCenter.framework in Frameworks */ = {isa = PBXBuildFile; fileRef = 56BAF7441E0C16A600218103 /* NotificationCenter.framework */; };
		56BAF7481E0C16A600218103 /* TodayViewController.swift in Sources */ = {isa = PBXBuildFile; fileRef = 56BAF7471E0C16A600218103 /* TodayViewController.swift */; };
		56BAF74B1E0C16A600218103 /* MainInterface.storyboard in Resources */ = {isa = PBXBuildFile; fileRef = 56BAF7491E0C16A600218103 /* MainInterface.storyboard */; };
		56BAF74F1E0C16A600218103 /* CatchIdeaWidget.appex in Embed App Extensions */ = {isa = PBXBuildFile; fileRef = 56BAF7421E0C16A600218103 /* CatchIdeaWidget.appex */; settings = {ATTRIBUTES = (RemoveHeadersOnCopy, ); }; };
		56F604CA1E06C6BF001C465B /* TrashViewController.swift in Sources */ = {isa = PBXBuildFile; fileRef = 56F604C91E06C6BF001C465B /* TrashViewController.swift */; };
		56F604CC1E06CA19001C465B /* TrashTableViewCell.swift in Sources */ = {isa = PBXBuildFile; fileRef = 56F604CB1E06CA19001C465B /* TrashTableViewCell.swift */; };
		56F604D21E06CDCF001C465B /* IdeaCellManagerDelegate.swift in Sources */ = {isa = PBXBuildFile; fileRef = 56F604D11E06CDCF001C465B /* IdeaCellManagerDelegate.swift */; };
		56FE13851E0CF1B3006A833A /* Theme.swift in Sources */ = {isa = PBXBuildFile; fileRef = 56FE13841E0CF1B3006A833A /* Theme.swift */; };
		56FE13891E0CF56F006A833A /* Define.swift in Sources */ = {isa = PBXBuildFile; fileRef = 56FE13881E0CF56F006A833A /* Define.swift */; };
		56FE138B1E0CFA71006A833A /* GeneralControlButton.swift in Sources */ = {isa = PBXBuildFile; fileRef = 56FE138A1E0CFA71006A833A /* GeneralControlButton.swift */; };
		56FE138D1E0CFE49006A833A /* DispatchQueue+once.swift in Sources */ = {isa = PBXBuildFile; fileRef = 56FE138C1E0CFE49006A833A /* DispatchQueue+once.swift */; };
/* End PBXBuildFile section */

/* Begin PBXContainerItemProxy section */
		56BAF74D1E0C16A600218103 /* PBXContainerItemProxy */ = {
			isa = PBXContainerItemProxy;
			containerPortal = 567FA3C21E05628D00E4A293 /* Project object */;
			proxyType = 1;
			remoteGlobalIDString = 56BAF7411E0C16A600218103;
			remoteInfo = CatchIdeaWidget;
		};
/* End PBXContainerItemProxy section */

/* Begin PBXCopyFilesBuildPhase section */
		56BAF7531E0C16A700218103 /* Embed App Extensions */ = {
			isa = PBXCopyFilesBuildPhase;
			buildActionMask = 2147483647;
			dstPath = "";
			dstSubfolderSpec = 13;
			files = (
				56BAF74F1E0C16A600218103 /* CatchIdeaWidget.appex in Embed App Extensions */,
			);
			name = "Embed App Extensions";
			runOnlyForDeploymentPostprocessing = 0;
		};
/* End PBXCopyFilesBuildPhase section */

/* Begin PBXFileReference section */
		561E00671E09770B00E55313 /* CreateIdeaViewController.swift */ = {isa = PBXFileReference; fileEncoding = 4; lastKnownFileType = sourcecode.swift; path = CreateIdeaViewController.swift; sourceTree = "<group>"; };
		564AFB681E0A6C75001FB9D4 /* IdeaDataSheetView.swift */ = {isa = PBXFileReference; fileEncoding = 4; lastKnownFileType = sourcecode.swift; path = IdeaDataSheetView.swift; sourceTree = "<group>"; };
		567FA3CA1E05628E00E4A293 /* CatchIdea.app */ = {isa = PBXFileReference; explicitFileType = wrapper.application; includeInIndex = 0; path = CatchIdea.app; sourceTree = BUILT_PRODUCTS_DIR; };
		567FA3CD1E05628E00E4A293 /* AppDelegate.swift */ = {isa = PBXFileReference; lastKnownFileType = sourcecode.swift; path = AppDelegate.swift; sourceTree = "<group>"; };
		567FA3D21E05628E00E4A293 /* Base */ = {isa = PBXFileReference; lastKnownFileType = file.storyboard; name = Base; path = Base.lproj/Main.storyboard; sourceTree = "<group>"; };
		567FA3D51E05628E00E4A293 /* CatchIdea.xcdatamodel */ = {isa = PBXFileReference; lastKnownFileType = wrapper.xcdatamodel; path = CatchIdea.xcdatamodel; sourceTree = "<group>"; };
		567FA3D71E05628E00E4A293 /* Assets.xcassets */ = {isa = PBXFileReference; lastKnownFileType = folder.assetcatalog; path = Assets.xcassets; sourceTree = "<group>"; };
		567FA3DA1E05628E00E4A293 /* Base */ = {isa = PBXFileReference; lastKnownFileType = file.storyboard; name = Base; path = Base.lproj/LaunchScreen.storyboard; sourceTree = "<group>"; };
		567FA3DC1E05628E00E4A293 /* Info.plist */ = {isa = PBXFileReference; lastKnownFileType = text.plist.xml; path = Info.plist; sourceTree = "<group>"; };
		567FA3E31E056CFA00E4A293 /* MainViewController.swift */ = {isa = PBXFileReference; fileEncoding = 4; lastKnownFileType = sourcecode.swift; path = MainViewController.swift; sourceTree = "<group>"; };
		567FA3E61E056DB100E4A293 /* IdeaListTableViewCell.swift */ = {isa = PBXFileReference; fileEncoding = 4; lastKnownFileType = sourcecode.swift; path = IdeaListTableViewCell.swift; sourceTree = "<group>"; };
		567FA3E91E05736900E4A293 /* DataManager.swift */ = {isa = PBXFileReference; fileEncoding = 4; lastKnownFileType = sourcecode.swift; path = DataManager.swift; sourceTree = "<group>"; };
		567FA3EB1E05744F00E4A293 /* IdeaData.swift */ = {isa = PBXFileReference; fileEncoding = 4; lastKnownFileType = sourcecode.swift; path = IdeaData.swift; sourceTree = "<group>"; };
		56A1DD4B1E0D0DAB0047DA5C /* RevealPresentAnimationController.swift */ = {isa = PBXFileReference; fileEncoding = 4; lastKnownFileType = sourcecode.swift; path = RevealPresentAnimationController.swift; sourceTree = "<group>"; };
		56A1DD4D1E0D0E160047DA5C /* RevealDismissAnimationController.swift */ = {isa = PBXFileReference; fileEncoding = 4; lastKnownFileType = sourcecode.swift; path = RevealDismissAnimationController.swift; sourceTree = "<group>"; };
		56BAF73B1E0BF57F00218103 /* LocalNotificationManager.swift */ = {isa = PBXFileReference; fileEncoding = 4; lastKnownFileType = sourcecode.swift; path = LocalNotificationManager.swift; sourceTree = "<group>"; };
		56BAF7421E0C16A600218103 /* CatchIdeaWidget.appex */ = {isa = PBXFileReference; explicitFileType = "wrapper.app-extension"; includeInIndex = 0; path = CatchIdeaWidget.appex; sourceTree = BUILT_PRODUCTS_DIR; };
		56BAF7441E0C16A600218103 /* NotificationCenter.framework */ = {isa = PBXFileReference; lastKnownFileType = wrapper.framework; name = NotificationCenter.framework; path = System/Library/Frameworks/NotificationCenter.framework; sourceTree = SDKROOT; };
		56BAF7471E0C16A600218103 /* TodayViewController.swift */ = {isa = PBXFileReference; lastKnownFileType = sourcecode.swift; path = TodayViewController.swift; sourceTree = "<group>"; };
		56BAF74A1E0C16A600218103 /* Base */ = {isa = PBXFileReference; lastKnownFileType = file.storyboard; name = Base; path = Base.lproj/MainInterface.storyboard; sourceTree = "<group>"; };
		56BAF74C1E0C16A600218103 /* Info.plist */ = {isa = PBXFileReference; lastKnownFileType = text.plist.xml; path = Info.plist; sourceTree = "<group>"; };
		56C7F13C1E0CC72C008FF866 /* CatchIdea.entitlements */ = {isa = PBXFileReference; lastKnownFileType = text.plist.entitlements; path = CatchIdea.entitlements; sourceTree = "<group>"; };
		56C7F13D1E0CC819008FF866 /* CatchIdeaWidget.entitlements */ = {isa = PBXFileReference; lastKnownFileType = text.plist.entitlements; path = CatchIdeaWidget.entitlements; sourceTree = "<group>"; };
		56F604C91E06C6BF001C465B /* TrashViewController.swift */ = {isa = PBXFileReference; fileEncoding = 4; lastKnownFileType = sourcecode.swift; path = TrashViewController.swift; sourceTree = "<group>"; };
		56F604CB1E06CA19001C465B /* TrashTableViewCell.swift */ = {isa = PBXFileReference; fileEncoding = 4; lastKnownFileType = sourcecode.swift; path = TrashTableViewCell.swift; sourceTree = "<group>"; };
		56F604D11E06CDCF001C465B /* IdeaCellManagerDelegate.swift */ = {isa = PBXFileReference; fileEncoding = 4; lastKnownFileType = sourcecode.swift; path = IdeaCellManagerDelegate.swift; sourceTree = "<group>"; };
		56FE13841E0CF1B3006A833A /* Theme.swift */ = {isa = PBXFileReference; fileEncoding = 4; lastKnownFileType = sourcecode.swift; path = Theme.swift; sourceTree = "<group>"; };
		56FE13881E0CF56F006A833A /* Define.swift */ = {isa = PBXFileReference; fileEncoding = 4; lastKnownFileType = sourcecode.swift; path = Define.swift; sourceTree = "<group>"; };
		56FE138A1E0CFA71006A833A /* GeneralControlButton.swift */ = {isa = PBXFileReference; fileEncoding = 4; lastKnownFileType = sourcecode.swift; path = GeneralControlButton.swift; sourceTree = "<group>"; };
		56FE138C1E0CFE49006A833A /* DispatchQueue+once.swift */ = {isa = PBXFileReference; fileEncoding = 4; lastKnownFileType = sourcecode.swift; path = "DispatchQueue+once.swift"; sourceTree = "<group>"; };
/* End PBXFileReference section */

/* Begin PBXFrameworksBuildPhase section */
		567FA3C71E05628D00E4A293 /* Frameworks */ = {
			isa = PBXFrameworksBuildPhase;
			buildActionMask = 2147483647;
			files = (
			);
			runOnlyForDeploymentPostprocessing = 0;
		};
		56BAF73F1E0C16A600218103 /* Frameworks */ = {
			isa = PBXFrameworksBuildPhase;
			buildActionMask = 2147483647;
			files = (
				56BAF7451E0C16A600218103 /* NotificationCenter.framework in Frameworks */,
			);
			runOnlyForDeploymentPostprocessing = 0;
		};
/* End PBXFrameworksBuildPhase section */

/* Begin PBXGroup section */
		564AFB671E0A6C19001FB9D4 /* CreateIdeaVC */ = {
			isa = PBXGroup;
			children = (
				561E00671E09770B00E55313 /* CreateIdeaViewController.swift */,
				564AFB681E0A6C75001FB9D4 /* IdeaDataSheetView.swift */,
			);
			name = CreateIdeaVC;
			sourceTree = "<group>";
		};
		567FA3C11E05628D00E4A293 = {
			isa = PBXGroup;
			children = (
				567FA3CC1E05628E00E4A293 /* CatchIdea */,
				567FA3ED1E05752A00E4A293 /* Manager */,
				56BAF7461E0C16A600218103 /* CatchIdeaWidget */,
				56BAF7431E0C16A600218103 /* Frameworks */,
				567FA3CB1E05628E00E4A293 /* Products */,
			);
			sourceTree = "<group>";
		};
		567FA3CB1E05628E00E4A293 /* Products */ = {
			isa = PBXGroup;
			children = (
				567FA3CA1E05628E00E4A293 /* CatchIdea.app */,
				56BAF7421E0C16A600218103 /* CatchIdeaWidget.appex */,
			);
			name = Products;
			sourceTree = "<group>";
		};
		567FA3CC1E05628E00E4A293 /* CatchIdea */ = {
			isa = PBXGroup;
			children = (
				56C7F13C1E0CC72C008FF866 /* CatchIdea.entitlements */,
				56FE13841E0CF1B3006A833A /* Theme.swift */,
				56FE13881E0CF56F006A833A /* Define.swift */,
				56FE138A1E0CFA71006A833A /* GeneralControlButton.swift */,
				56FE138C1E0CFE49006A833A /* DispatchQueue+once.swift */,
				567FA3E51E056D3100E4A293 /* Support */,
				56F604CD1E06CA21001C465B /* MainVC */,
				56F604CE1E06CA29001C465B /* TrashVC */,
				564AFB671E0A6C19001FB9D4 /* CreateIdeaVC */,
				56A1DD4F1E0D0E3A0047DA5C /* AnimationTransitioningVC */,
			);
			path = CatchIdea;
			sourceTree = "<group>";
		};
		567FA3E51E056D3100E4A293 /* Support */ = {
			isa = PBXGroup;
			children = (
				567FA3D11E05628E00E4A293 /* Main.storyboard */,
				567FA3D71E05628E00E4A293 /* Assets.xcassets */,
				567FA3CD1E05628E00E4A293 /* AppDelegate.swift */,
				567FA3D91E05628E00E4A293 /* LaunchScreen.storyboard */,
				567FA3DC1E05628E00E4A293 /* Info.plist */,
				567FA3D41E05628E00E4A293 /* CatchIdea.xcdatamodeld */,
				56F604D11E06CDCF001C465B /* IdeaCellManagerDelegate.swift */,
			);
			name = Support;
			sourceTree = "<group>";
		};
		567FA3ED1E05752A00E4A293 /* Manager */ = {
			isa = PBXGroup;
			children = (
				567FA3EB1E05744F00E4A293 /* IdeaData.swift */,
				567FA3E91E05736900E4A293 /* DataManager.swift */,
				56BAF73B1E0BF57F00218103 /* LocalNotificationManager.swift */,
			);
			name = Manager;
			path = CatchIdea;
			sourceTree = "<group>";
		};
		56A1DD4F1E0D0E3A0047DA5C /* AnimationTransitioningVC */ = {
			isa = PBXGroup;
			children = (
				56A1DD4B1E0D0DAB0047DA5C /* RevealPresentAnimationController.swift */,
				56A1DD4D1E0D0E160047DA5C /* RevealDismissAnimationController.swift */,
			);
			name = AnimationTransitioningVC;
			sourceTree = "<group>";
		};
		56BAF7431E0C16A600218103 /* Frameworks */ = {
			isa = PBXGroup;
			children = (
				56BAF7441E0C16A600218103 /* NotificationCenter.framework */,
			);
			name = Frameworks;
			sourceTree = "<group>";
		};
		56BAF7461E0C16A600218103 /* CatchIdeaWidget */ = {
			isa = PBXGroup;
			children = (
				56C7F13D1E0CC819008FF866 /* CatchIdeaWidget.entitlements */,
				56BAF7471E0C16A600218103 /* TodayViewController.swift */,
				56BAF7491E0C16A600218103 /* MainInterface.storyboard */,
				56BAF74C1E0C16A600218103 /* Info.plist */,
			);
			path = CatchIdeaWidget;
			sourceTree = "<group>";
		};
		56F604CD1E06CA21001C465B /* MainVC */ = {
			isa = PBXGroup;
			children = (
				567FA3E31E056CFA00E4A293 /* MainViewController.swift */,
				567FA3E61E056DB100E4A293 /* IdeaListTableViewCell.swift */,
			);
			name = MainVC;
			sourceTree = "<group>";
		};
		56F604CE1E06CA29001C465B /* TrashVC */ = {
			isa = PBXGroup;
			children = (
				56F604C91E06C6BF001C465B /* TrashViewController.swift */,
				56F604CB1E06CA19001C465B /* TrashTableViewCell.swift */,
			);
			name = TrashVC;
			sourceTree = "<group>";
		};
/* End PBXGroup section */

/* Begin PBXNativeTarget section */
		567FA3C91E05628D00E4A293 /* CatchIdea */ = {
			isa = PBXNativeTarget;
			buildConfigurationList = 567FA3DF1E05628E00E4A293 /* Build configuration list for PBXNativeTarget "CatchIdea" */;
			buildPhases = (
				567FA3C61E05628D00E4A293 /* Sources */,
				567FA3C71E05628D00E4A293 /* Frameworks */,
				567FA3C81E05628D00E4A293 /* Resources */,
				56BAF7531E0C16A700218103 /* Embed App Extensions */,
			);
			buildRules = (
			);
			dependencies = (
				56BAF74E1E0C16A600218103 /* PBXTargetDependency */,
			);
			name = CatchIdea;
			productName = CatchIdea;
			productReference = 567FA3CA1E05628E00E4A293 /* CatchIdea.app */;
			productType = "com.apple.product-type.application";
		};
		56BAF7411E0C16A600218103 /* CatchIdeaWidget */ = {
			isa = PBXNativeTarget;
			buildConfigurationList = 56BAF7501E0C16A700218103 /* Build configuration list for PBXNativeTarget "CatchIdeaWidget" */;
			buildPhases = (
				56BAF73E1E0C16A600218103 /* Sources */,
				56BAF73F1E0C16A600218103 /* Frameworks */,
				56BAF7401E0C16A600218103 /* Resources */,
			);
			buildRules = (
			);
			dependencies = (
			);
			name = CatchIdeaWidget;
			productName = CatchIdeaWidget;
			productReference = 56BAF7421E0C16A600218103 /* CatchIdeaWidget.appex */;
			productType = "com.apple.product-type.app-extension";
		};
/* End PBXNativeTarget section */

/* Begin PBXProject section */
		567FA3C21E05628D00E4A293 /* Project object */ = {
			isa = PBXProject;
			attributes = {
				LastSwiftUpdateCheck = 0810;
				LastUpgradeCheck = 0810;
				ORGANIZATIONNAME = Linsw;
				TargetAttributes = {
					567FA3C91E05628D00E4A293 = {
						CreatedOnToolsVersion = 8.1;
						DevelopmentTeam = 4F6NMKB449;
						ProvisioningStyle = Automatic;
						SystemCapabilities = {
							com.apple.ApplicationGroups.iOS = {
								enabled = 0;
							};
						};
					};
					56BAF7411E0C16A600218103 = {
						CreatedOnToolsVersion = 8.1;
						DevelopmentTeam = 4F6NMKB449;
						ProvisioningStyle = Automatic;
						SystemCapabilities = {
							com.apple.ApplicationGroups.iOS = {
								enabled = 1;
							};
						};
					};
				};
			};
			buildConfigurationList = 567FA3C51E05628D00E4A293 /* Build configuration list for PBXProject "CatchIdea" */;
			compatibilityVersion = "Xcode 3.2";
			developmentRegion = English;
			hasScannedForEncodings = 0;
			knownRegions = (
				en,
				Base,
			);
			mainGroup = 567FA3C11E05628D00E4A293;
			productRefGroup = 567FA3CB1E05628E00E4A293 /* Products */;
			projectDirPath = "";
			projectRoot = "";
			targets = (
				567FA3C91E05628D00E4A293 /* CatchIdea */,
				56BAF7411E0C16A600218103 /* CatchIdeaWidget */,
			);
		};
/* End PBXProject section */

/* Begin PBXResourcesBuildPhase section */
		567FA3C81E05628D00E4A293 /* Resources */ = {
			isa = PBXResourcesBuildPhase;
			buildActionMask = 2147483647;
			files = (
				567FA3DB1E05628E00E4A293 /* LaunchScreen.storyboard in Resources */,
				567FA3D81E05628E00E4A293 /* Assets.xcassets in Resources */,
				567FA3D31E05628E00E4A293 /* Main.storyboard in Resources */,
			);
			runOnlyForDeploymentPostprocessing = 0;
		};
		56BAF7401E0C16A600218103 /* Resources */ = {
			isa = PBXResourcesBuildPhase;
			buildActionMask = 2147483647;
			files = (
				56BAF74B1E0C16A600218103 /* MainInterface.storyboard in Resources */,
			);
			runOnlyForDeploymentPostprocessing = 0;
		};
/* End PBXResourcesBuildPhase section */

/* Begin PBXSourcesBuildPhase section */
		567FA3C61E05628D00E4A293 /* Sources */ = {
			isa = PBXSourcesBuildPhase;
			buildActionMask = 2147483647;
			files = (
				56F604D21E06CDCF001C465B /* IdeaCellManagerDelegate.swift in Sources */,
				56F604CC1E06CA19001C465B /* TrashTableViewCell.swift in Sources */,
				567FA3E71E056DB100E4A293 /* IdeaListTableViewCell.swift in Sources */,
				56F604CA1E06C6BF001C465B /* TrashViewController.swift in Sources */,
				56FE13851E0CF1B3006A833A /* Theme.swift in Sources */,
				56A1DD4C1E0D0DAB0047DA5C /* RevealPresentAnimationController.swift in Sources */,
				567FA3EA1E05736900E4A293 /* DataManager.swift in Sources */,
				56FE13891E0CF56F006A833A /* Define.swift in Sources */,
				56A1DD4E1E0D0E160047DA5C /* RevealDismissAnimationController.swift in Sources */,
				567FA3E41E056CFA00E4A293 /* MainViewController.swift in Sources */,
				56FE138D1E0CFE49006A833A /* DispatchQueue+once.swift in Sources */,
				56BAF73C1E0BF57F00218103 /* LocalNotificationManager.swift in Sources */,
				567FA3D61E05628E00E4A293 /* CatchIdea.xcdatamodeld in Sources */,
				56FE138B1E0CFA71006A833A /* GeneralControlButton.swift in Sources */,
				561E00681E09770B00E55313 /* CreateIdeaViewController.swift in Sources */,
				567FA3EC1E05744F00E4A293 /* IdeaData.swift in Sources */,
				567FA3CE1E05628E00E4A293 /* AppDelegate.swift in Sources */,
				564AFB691E0A6C75001FB9D4 /* IdeaDataSheetView.swift in Sources */,
			);
			runOnlyForDeploymentPostprocessing = 0;
		};
		56BAF73E1E0C16A600218103 /* Sources */ = {
			isa = PBXSourcesBuildPhase;
			buildActionMask = 2147483647;
			files = (
				56BAF7481E0C16A600218103 /* TodayViewController.swift in Sources */,
			);
			runOnlyForDeploymentPostprocessing = 0;
		};
/* End PBXSourcesBuildPhase section */

/* Begin PBXTargetDependency section */
		56BAF74E1E0C16A600218103 /* PBXTargetDependency */ = {
			isa = PBXTargetDependency;
			target = 56BAF7411E0C16A600218103 /* CatchIdeaWidget */;
			targetProxy = 56BAF74D1E0C16A600218103 /* PBXContainerItemProxy */;
		};
/* End PBXTargetDependency section */

/* Begin PBXVariantGroup section */
		567FA3D11E05628E00E4A293 /* Main.storyboard */ = {
			isa = PBXVariantGroup;
			children = (
				567FA3D21E05628E00E4A293 /* Base */,
			);
			name = Main.storyboard;
			sourceTree = "<group>";
		};
		567FA3D91E05628E00E4A293 /* LaunchScreen.storyboard */ = {
			isa = PBXVariantGroup;
			children = (
				567FA3DA1E05628E00E4A293 /* Base */,
			);
			name = LaunchScreen.storyboard;
			sourceTree = "<group>";
		};
		56BAF7491E0C16A600218103 /* MainInterface.storyboard */ = {
			isa = PBXVariantGroup;
			children = (
				56BAF74A1E0C16A600218103 /* Base */,
			);
			name = MainInterface.storyboard;
			sourceTree = "<group>";
		};
/* End PBXVariantGroup section */

/* Begin XCBuildConfiguration section */
		567FA3DD1E05628E00E4A293 /* Debug */ = {
			isa = XCBuildConfiguration;
			buildSettings = {
				ALWAYS_SEARCH_USER_PATHS = NO;
				CLANG_ANALYZER_NONNULL = YES;
				CLANG_CXX_LANGUAGE_STANDARD = "gnu++0x";
				CLANG_CXX_LIBRARY = "libc++";
				CLANG_ENABLE_MODULES = YES;
				CLANG_ENABLE_OBJC_ARC = YES;
				CLANG_WARN_BOOL_CONVERSION = YES;
				CLANG_WARN_CONSTANT_CONVERSION = YES;
				CLANG_WARN_DIRECT_OBJC_ISA_USAGE = YES_ERROR;
				CLANG_WARN_DOCUMENTATION_COMMENTS = YES;
				CLANG_WARN_EMPTY_BODY = YES;
				CLANG_WARN_ENUM_CONVERSION = YES;
				CLANG_WARN_INFINITE_RECURSION = YES;
				CLANG_WARN_INT_CONVERSION = YES;
				CLANG_WARN_OBJC_ROOT_CLASS = YES_ERROR;
				CLANG_WARN_SUSPICIOUS_MOVES = YES;
				CLANG_WARN_UNREACHABLE_CODE = YES;
				CLANG_WARN__DUPLICATE_METHOD_MATCH = YES;
				"CODE_SIGN_IDENTITY[sdk=iphoneos*]" = "iPhone Developer";
				COPY_PHASE_STRIP = NO;
				DEBUG_INFORMATION_FORMAT = dwarf;
				ENABLE_STRICT_OBJC_MSGSEND = YES;
				ENABLE_TESTABILITY = YES;
				GCC_C_LANGUAGE_STANDARD = gnu99;
				GCC_DYNAMIC_NO_PIC = NO;
				GCC_NO_COMMON_BLOCKS = YES;
				GCC_OPTIMIZATION_LEVEL = 0;
				GCC_PREPROCESSOR_DEFINITIONS = (
					"DEBUG=1",
					"$(inherited)",
				);
				GCC_WARN_64_TO_32_BIT_CONVERSION = YES;
				GCC_WARN_ABOUT_RETURN_TYPE = YES_ERROR;
				GCC_WARN_UNDECLARED_SELECTOR = YES;
				GCC_WARN_UNINITIALIZED_AUTOS = YES_AGGRESSIVE;
				GCC_WARN_UNUSED_FUNCTION = YES;
				GCC_WARN_UNUSED_VARIABLE = YES;
				IPHONEOS_DEPLOYMENT_TARGET = 10.1;
				MTL_ENABLE_DEBUG_INFO = YES;
				ONLY_ACTIVE_ARCH = YES;
				SDKROOT = iphoneos;
				SWIFT_ACTIVE_COMPILATION_CONDITIONS = DEBUG;
				SWIFT_OPTIMIZATION_LEVEL = "-Onone";
				TARGETED_DEVICE_FAMILY = "1,2";
			};
			name = Debug;
		};
		567FA3DE1E05628E00E4A293 /* Release */ = {
			isa = XCBuildConfiguration;
			buildSettings = {
				ALWAYS_SEARCH_USER_PATHS = NO;
				CLANG_ANALYZER_NONNULL = YES;
				CLANG_CXX_LANGUAGE_STANDARD = "gnu++0x";
				CLANG_CXX_LIBRARY = "libc++";
				CLANG_ENABLE_MODULES = YES;
				CLANG_ENABLE_OBJC_ARC = YES;
				CLANG_WARN_BOOL_CONVERSION = YES;
				CLANG_WARN_CONSTANT_CONVERSION = YES;
				CLANG_WARN_DIRECT_OBJC_ISA_USAGE = YES_ERROR;
				CLANG_WARN_DOCUMENTATION_COMMENTS = YES;
				CLANG_WARN_EMPTY_BODY = YES;
				CLANG_WARN_ENUM_CONVERSION = YES;
				CLANG_WARN_INFINITE_RECURSION = YES;
				CLANG_WARN_INT_CONVERSION = YES;
				CLANG_WARN_OBJC_ROOT_CLASS = YES_ERROR;
				CLANG_WARN_SUSPICIOUS_MOVES = YES;
				CLANG_WARN_UNREACHABLE_CODE = YES;
				CLANG_WARN__DUPLICATE_METHOD_MATCH = YES;
				"CODE_SIGN_IDENTITY[sdk=iphoneos*]" = "iPhone Developer";
				COPY_PHASE_STRIP = NO;
				DEBUG_INFORMATION_FORMAT = "dwarf-with-dsym";
				ENABLE_NS_ASSERTIONS = NO;
				ENABLE_STRICT_OBJC_MSGSEND = YES;
				GCC_C_LANGUAGE_STANDARD = gnu99;
				GCC_NO_COMMON_BLOCKS = YES;
				GCC_WARN_64_TO_32_BIT_CONVERSION = YES;
				GCC_WARN_ABOUT_RETURN_TYPE = YES_ERROR;
				GCC_WARN_UNDECLARED_SELECTOR = YES;
				GCC_WARN_UNINITIALIZED_AUTOS = YES_AGGRESSIVE;
				GCC_WARN_UNUSED_FUNCTION = YES;
				GCC_WARN_UNUSED_VARIABLE = YES;
				IPHONEOS_DEPLOYMENT_TARGET = 10.1;
				MTL_ENABLE_DEBUG_INFO = NO;
				SDKROOT = iphoneos;
				SWIFT_OPTIMIZATION_LEVEL = "-Owholemodule";
				TARGETED_DEVICE_FAMILY = "1,2";
				VALIDATE_PRODUCT = YES;
			};
			name = Release;
		};
		567FA3E01E05628E00E4A293 /* Debug */ = {
			isa = XCBuildConfiguration;
			buildSettings = {
				ALWAYS_EMBED_SWIFT_STANDARD_LIBRARIES = YES;
				ASSETCATALOG_COMPILER_APPICON_NAME = AppIcon;
				CODE_SIGN_ENTITLEMENTS = CatchIdea/CatchIdea.entitlements;
				DEVELOPMENT_TEAM = 4F6NMKB449;
				INFOPLIST_FILE = CatchIdea/Info.plist;
				IPHONEOS_DEPLOYMENT_TARGET = 10.0;
				LD_RUNPATH_SEARCH_PATHS = "$(inherited) @executable_path/Frameworks";
				PRODUCT_BUNDLE_IDENTIFIER = lsw.self.CatchIdea;
				PRODUCT_NAME = "$(TARGET_NAME)";
				SWIFT_VERSION = 3.0;
			};
			name = Debug;
		};
		567FA3E11E05628E00E4A293 /* Release */ = {
			isa = XCBuildConfiguration;
			buildSettings = {
				ALWAYS_EMBED_SWIFT_STANDARD_LIBRARIES = YES;
				ASSETCATALOG_COMPILER_APPICON_NAME = AppIcon;
				CODE_SIGN_ENTITLEMENTS = CatchIdea/CatchIdea.entitlements;
				DEVELOPMENT_TEAM = 4F6NMKB449;
				INFOPLIST_FILE = CatchIdea/Info.plist;
				IPHONEOS_DEPLOYMENT_TARGET = 10.0;
				LD_RUNPATH_SEARCH_PATHS = "$(inherited) @executable_path/Frameworks";
				PRODUCT_BUNDLE_IDENTIFIER = lsw.self.CatchIdea;
				PRODUCT_NAME = "$(TARGET_NAME)";
				SWIFT_VERSION = 3.0;
			};
			name = Release;
		};
		56BAF7511E0C16A700218103 /* Debug */ = {
			isa = XCBuildConfiguration;
			buildSettings = {
				CODE_SIGN_ENTITLEMENTS = CatchIdeaWidget/CatchIdeaWidget.entitlements;
				DEVELOPMENT_TEAM = 4F6NMKB449;
				INFOPLIST_FILE = CatchIdeaWidget/Info.plist;
				IPHONEOS_DEPLOYMENT_TARGET = 10.0;
				LD_RUNPATH_SEARCH_PATHS = "$(inherited) @executable_path/Frameworks @executable_path/../../Frameworks";
				PRODUCT_BUNDLE_IDENTIFIER = lsw.self.CatchIdea.CatchIdeaWidget;
				PRODUCT_NAME = "$(TARGET_NAME)";
				SKIP_INSTALL = YES;
				SWIFT_VERSION = 3.0;
			};
			name = Debug;
		};
		56BAF7521E0C16A700218103 /* Release */ = {
			isa = XCBuildConfiguration;
			buildSettings = {
				CODE_SIGN_ENTITLEMENTS = CatchIdeaWidget/CatchIdeaWidget.entitlements;
				DEVELOPMENT_TEAM = 4F6NMKB449;
				INFOPLIST_FILE = CatchIdeaWidget/Info.plist;
				IPHONEOS_DEPLOYMENT_TARGET = 10.0;
				LD_RUNPATH_SEARCH_PATHS = "$(inherited) @executable_path/Frameworks @executable_path/../../Frameworks";
				PRODUCT_BUNDLE_IDENTIFIER = lsw.self.CatchIdea.CatchIdeaWidget;
				PRODUCT_NAME = "$(TARGET_NAME)";
				SKIP_INSTALL = YES;
				SWIFT_VERSION = 3.0;
			};
			name = Release;
		};
/* End XCBuildConfiguration section */

/* Begin XCConfigurationList section */
		567FA3C51E05628D00E4A293 /* Build configuration list for PBXProject "CatchIdea" */ = {
			isa = XCConfigurationList;
			buildConfigurations = (
				567FA3DD1E05628E00E4A293 /* Debug */,
				567FA3DE1E05628E00E4A293 /* Release */,
			);
			defaultConfigurationIsVisible = 0;
			defaultConfigurationName = Release;
		};
		567FA3DF1E05628E00E4A293 /* Build configuration list for PBXNativeTarget "CatchIdea" */ = {
			isa = XCConfigurationList;
			buildConfigurations = (
				567FA3E01E05628E00E4A293 /* Debug */,
				567FA3E11E05628E00E4A293 /* Release */,
			);
			defaultConfigurationIsVisible = 0;
			defaultConfigurationName = Release;
		};
		56BAF7501E0C16A700218103 /* Build configuration list for PBXNativeTarget "CatchIdeaWidget" */ = {
			isa = XCConfigurationList;
			buildConfigurations = (
				56BAF7511E0C16A700218103 /* Debug */,
				56BAF7521E0C16A700218103 /* Release */,
			);
			defaultConfigurationIsVisible = 0;
			defaultConfigurationName = Release;
		};
/* End XCConfigurationList section */

/* Begin XCVersionGroup section */
		567FA3D41E05628E00E4A293 /* CatchIdea.xcdatamodeld */ = {
			isa = XCVersionGroup;
			children = (
				567FA3D51E05628E00E4A293 /* CatchIdea.xcdatamodel */,
			);
			currentVersion = 567FA3D51E05628E00E4A293 /* CatchIdea.xcdatamodel */;
			path = CatchIdea.xcdatamodeld;
			sourceTree = "<group>";
			versionGroupType = wrapper.xcdatamodel;
		};
/* End XCVersionGroup section */
	};
	rootObject = 567FA3C21E05628D00E4A293 /* Project object */;
}
